
Microsoft Visual Studio Solution File, Format Version 12.00
# Visual Studio 15
VisualStudioVersion = 15.0.27428.2037
MinimumVisualStudioVersion = 10.0.40219.1
Project("{8BC9CEB8-8B4A-11D0-8D11-00A0C91BC942}") = "AVP2010ModelViewer", "AVP2010ModelViewer\AVP2010ModelViewer.vcxproj", "{DD9F58D5-87EA-4108-940C-280219D0556C}"
EndProject
Global
	GlobalSection(SolutionConfigurationPlatforms) = preSolution
		Debug|x64 = Debug|x64
		Debug|x86 = Debug|x86
		Release|x64 = Release|x64
		Release|x86 = Release|x86
	EndGlobalSection
	GlobalSection(ProjectConfigurationPlatforms) = postSolution
		{DD9F58D5-87EA-4108-940C-280219D0556C}.Debug|x64.ActiveCfg = Debug|x64
		{DD9F58D5-87EA-4108-940C-280219D0556C}.Debug|x64.Build.0 = Debug|x64
		{DD9F58D5-87EA-4108-940C-280219D0556C}.Debug|x86.ActiveCfg = Debug|Win32
		{DD9F58D5-87EA-4108-940C-280219D0556C}.Debug|x86.Build.0 = Debug|Win32
		{DD9F58D5-87EA-4108-940C-280219D0556C}.Release|x64.ActiveCfg = Release|x64
		{DD9F58D5-87EA-4108-940C-280219D0556C}.Release|x64.Build.0 = Release|x64
		{DD9F58D5-87EA-4108-940C-280219D0556C}.Release|x86.ActiveCfg = Release|Win32
		{DD9F58D5-87EA-4108-940C-280219D0556C}.Release|x86.Build.0 = Release|Win32
	EndGlobalSection
	GlobalSection(SolutionProperties) = preSolution
		HideSolutionNode = FALSE
	EndGlobalSection
	GlobalSection(ExtensibilityGlobals) = postSolution
		SolutionGuid = {5E7AF101-B370-4538-B9FF-C327A0BF1A73}
	EndGlobalSection
EndGlobal
